
Microsoft Visual Studio Solution File, Format Version 12.00
# Visual Studio 15
VisualStudioVersion = 15.0.26124.0
MinimumVisualStudioVersion = 15.0.26124.0
Project("{2150E333-8FDC-42A3-9474-1A3956D46DE8}") = "src", "src", "{6729C0DD-272F-4095-B4C1-7822640A8EB6}"
EndProject
Project("{FAE04EC0-301F-11D3-BF4B-00C04F79EFBC}") = "Nogic.WritableOptions", "src\Nogic.WritableOptions\Nogic.WritableOptions.csproj", "{BAD87D61-00A9-4AF7-8090-6EDAE5D359CE}"
EndProject
Project("{2150E333-8FDC-42A3-9474-1A3956D46DE8}") = "test", "test", "{403811B2-F853-4064-B7A2-D51B693C2218}"
EndProject
Project("{FAE04EC0-301F-11D3-BF4B-00C04F79EFBC}") = "Nogic.WritableOptions.Tests", "test\Nogic.WritableOptions.Tests\Nogic.WritableOptions.Tests.csproj", "{B0C1A687-7BE9-43A1-92F2-F3DBA160922E}"
EndProject
Project("{2150E333-8FDC-42A3-9474-1A3956D46DE8}") = "sandbox", "sandbox", "{02A7EDBE-CD25-4103-BDB1-2BF85B49B2E3}"
EndProject
Project("{FAE04EC0-301F-11D3-BF4B-00C04F79EFBC}") = "Benchmark", "sandbox\Benchmark\Benchmark.csproj", "{42A16976-6172-414A-9AC8-056C9EE18848}"
EndProject
Project("{FAE04EC0-301F-11D3-BF4B-00C04F79EFBC}") = "ConsoleAppExample", "sandbox\ConsoleAppExample\ConsoleAppExample.csproj", "{63268F98-8F43-4403-A38F-D3F6DAEEC2A9}"
EndProject
Global
	GlobalSection(SolutionConfigurationPlatforms) = preSolution
		Debug|Any CPU = Debug|Any CPU
		Release|Any CPU = Release|Any CPU
	EndGlobalSection
	GlobalSection(SolutionProperties) = preSolution
		HideSolutionNode = FALSE
	EndGlobalSection
	GlobalSection(ProjectConfigurationPlatforms) = postSolution
		{BAD87D61-00A9-4AF7-8090-6EDAE5D359CE}.Debug|Any CPU.ActiveCfg = Debug|Any CPU
		{BAD87D61-00A9-4AF7-8090-6EDAE5D359CE}.Debug|Any CPU.Build.0 = Debug|Any CPU
		{BAD87D61-00A9-4AF7-8090-6EDAE5D359CE}.Release|Any CPU.ActiveCfg = Release|Any CPU
		{BAD87D61-00A9-4AF7-8090-6EDAE5D359CE}.Release|Any CPU.Build.0 = Release|Any CPU
		{B0C1A687-7BE9-43A1-92F2-F3DBA160922E}.Debug|Any CPU.ActiveCfg = Debug|Any CPU
		{B0C1A687-7BE9-43A1-92F2-F3DBA160922E}.Debug|Any CPU.Build.0 = Debug|Any CPU
		{B0C1A687-7BE9-43A1-92F2-F3DBA160922E}.Release|Any CPU.ActiveCfg = Release|Any CPU
		{42A16976-6172-414A-9AC8-056C9EE18848}.Debug|Any CPU.ActiveCfg = Debug|Any CPU
		{42A16976-6172-414A-9AC8-056C9EE18848}.Debug|Any CPU.Build.0 = Debug|Any CPU
		{42A16976-6172-414A-9AC8-056C9EE18848}.Release|Any CPU.ActiveCfg = Release|Any CPU
		{42A16976-6172-414A-9AC8-056C9EE18848}.Release|Any CPU.Build.0 = Release|Any CPU
		{63268F98-8F43-4403-A38F-D3F6DAEEC2A9}.Debug|Any CPU.ActiveCfg = Debug|Any CPU
		{63268F98-8F43-4403-A38F-D3F6DAEEC2A9}.Debug|Any CPU.Build.0 = Debug|Any CPU
		{63268F98-8F43-4403-A38F-D3F6DAEEC2A9}.Release|Any CPU.ActiveCfg = Release|Any CPU
		{63268F98-8F43-4403-A38F-D3F6DAEEC2A9}.Release|Any CPU.Build.0 = Release|Any CPU
	EndGlobalSection
	GlobalSection(NestedProjects) = preSolution
		{BAD87D61-00A9-4AF7-8090-6EDAE5D359CE} = {6729C0DD-272F-4095-B4C1-7822640A8EB6}
		{B0C1A687-7BE9-43A1-92F2-F3DBA160922E} = {403811B2-F853-4064-B7A2-D51B693C2218}
		{42A16976-6172-414A-9AC8-056C9EE18848} = {02A7EDBE-CD25-4103-BDB1-2BF85B49B2E3}
		{63268F98-8F43-4403-A38F-D3F6DAEEC2A9} = {02A7EDBE-CD25-4103-BDB1-2BF85B49B2E3}
	EndGlobalSection
EndGlobal
