
Microsoft Visual Studio Solution File, Format Version 12.00
# Visual Studio Version 17
VisualStudioVersion = 17.1.32228.430
MinimumVisualStudioVersion = 10.0.40219.1
Project("{9A19103F-16F7-4668-BE54-9A1E7A4F7556}") = "XamarinExample", "XamarinExample\XamarinExample.csproj", "{D3F2CC35-9CA3-412D-8A02-C6F869DE4947}"
EndProject
Project("{FAE04EC0-301F-11D3-BF4B-00C04F79EFBC}") = "XamarinExample.Android", "XamarinExample.Android\XamarinExample.Android.csproj", "{2861702D-1EA4-4104-9FDC-C40E7BE39351}"
EndProject
Project("{FAE04EC0-301F-11D3-BF4B-00C04F79EFBC}") = "XamarinExample.iOS", "XamarinExample.iOS\XamarinExample.iOS.csproj", "{623A9E73-C7B5-4684-83AA-3C47D3B6CED5}"
EndProject
Project("{FAE04EC0-301F-11D3-BF4B-00C04F79EFBC}") = "XamarinExample.UWP", "XamarinExample.UWP\XamarinExample.UWP.csproj", "{A5D7AA4E-F30C-4C42-B9A0-F8E60A4DDE19}"
EndProject
Project("{9A19103F-16F7-4668-BE54-9A1E7A4F7556}") = "Nogic.WritableOptions", "..\..\src\Nogic.WritableOptions\Nogic.WritableOptions.csproj", "{C3494517-A2F6-4AAC-A7E5-D315406DFDEE}"
EndProject
Global
	GlobalSection(SolutionConfigurationPlatforms) = preSolution
		Debug|Any CPU = Debug|Any CPU
		Debug|ARM = Debug|ARM
		Debug|iPhone = Debug|iPhone
		Debug|iPhoneSimulator = Debug|iPhoneSimulator
		Debug|x64 = Debug|x64
		Debug|x86 = Debug|x86
		Release|Any CPU = Release|Any CPU
		Release|ARM = Release|ARM
		Release|iPhone = Release|iPhone
		Release|iPhoneSimulator = Release|iPhoneSimulator
		Release|x64 = Release|x64
		Release|x86 = Release|x86
	EndGlobalSection
	GlobalSection(ProjectConfigurationPlatforms) = postSolution
		{D3F2CC35-9CA3-412D-8A02-C6F869DE4947}.Debug|Any CPU.ActiveCfg = Debug|Any CPU
		{D3F2CC35-9CA3-412D-8A02-C6F869DE4947}.Debug|Any CPU.Build.0 = Debug|Any CPU
		{D3F2CC35-9CA3-412D-8A02-C6F869DE4947}.Debug|ARM.ActiveCfg = Debug|Any CPU
		{D3F2CC35-9CA3-412D-8A02-C6F869DE4947}.Debug|ARM.Build.0 = Debug|Any CPU
		{D3F2CC35-9CA3-412D-8A02-C6F869DE4947}.Debug|iPhone.ActiveCfg = Debug|Any CPU
		{D3F2CC35-9CA3-412D-8A02-C6F869DE4947}.Debug|iPhone.Build.0 = Debug|Any CPU
		{D3F2CC35-9CA3-412D-8A02-C6F869DE4947}.Debug|iPhoneSimulator.ActiveCfg = Debug|Any CPU
		{D3F2CC35-9CA3-412D-8A02-C6F869DE4947}.Debug|iPhoneSimulator.Build.0 = Debug|Any CPU
		{D3F2CC35-9CA3-412D-8A02-C6F869DE4947}.Debug|x64.ActiveCfg = Debug|Any CPU
		{D3F2CC35-9CA3-412D-8A02-C6F869DE4947}.Debug|x64.Build.0 = Debug|Any CPU
		{D3F2CC35-9CA3-412D-8A02-C6F869DE4947}.Debug|x86.ActiveCfg = Debug|Any CPU
		{D3F2CC35-9CA3-412D-8A02-C6F869DE4947}.Debug|x86.Build.0 = Debug|Any CPU
		{D3F2CC35-9CA3-412D-8A02-C6F869DE4947}.Release|Any CPU.ActiveCfg = Release|Any CPU
		{D3F2CC35-9CA3-412D-8A02-C6F869DE4947}.Release|Any CPU.Build.0 = Release|Any CPU
		{D3F2CC35-9CA3-412D-8A02-C6F869DE4947}.Release|ARM.ActiveCfg = Release|Any CPU
		{D3F2CC35-9CA3-412D-8A02-C6F869DE4947}.Release|ARM.Build.0 = Release|Any CPU
		{D3F2CC35-9CA3-412D-8A02-C6F869DE4947}.Release|iPhone.ActiveCfg = Release|Any CPU
		{D3F2CC35-9CA3-412D-8A02-C6F869DE4947}.Release|iPhone.Build.0 = Release|Any CPU
		{D3F2CC35-9CA3-412D-8A02-C6F869DE4947}.Release|iPhoneSimulator.ActiveCfg = Release|Any CPU
		{D3F2CC35-9CA3-412D-8A02-C6F869DE4947}.Release|iPhoneSimulator.Build.0 = Release|Any CPU
		{D3F2CC35-9CA3-412D-8A02-C6F869DE4947}.Release|x64.ActiveCfg = Release|Any CPU
		{D3F2CC35-9CA3-412D-8A02-C6F869DE4947}.Release|x64.Build.0 = Release|Any CPU
		{D3F2CC35-9CA3-412D-8A02-C6F869DE4947}.Release|x86.ActiveCfg = Release|Any CPU
		{D3F2CC35-9CA3-412D-8A02-C6F869DE4947}.Release|x86.Build.0 = Release|Any CPU
		{2861702D-1EA4-4104-9FDC-C40E7BE39351}.Debug|Any CPU.ActiveCfg = Debug|Any CPU
		{2861702D-1EA4-4104-9FDC-C40E7BE39351}.Debug|Any CPU.Build.0 = Debug|Any CPU
		{2861702D-1EA4-4104-9FDC-C40E7BE39351}.Debug|Any CPU.Deploy.0 = Debug|Any CPU
		{2861702D-1EA4-4104-9FDC-C40E7BE39351}.Debug|ARM.ActiveCfg = Debug|Any CPU
		{2861702D-1EA4-4104-9FDC-C40E7BE39351}.Debug|ARM.Build.0 = Debug|Any CPU
		{2861702D-1EA4-4104-9FDC-C40E7BE39351}.Debug|ARM.Deploy.0 = Debug|Any CPU
		{2861702D-1EA4-4104-9FDC-C40E7BE39351}.Debug|iPhone.ActiveCfg = Debug|Any CPU
		{2861702D-1EA4-4104-9FDC-C40E7BE39351}.Debug|iPhone.Build.0 = Debug|Any CPU
		{2861702D-1EA4-4104-9FDC-C40E7BE39351}.Debug|iPhone.Deploy.0 = Debug|Any CPU
		{2861702D-1EA4-4104-9FDC-C40E7BE39351}.Debug|iPhoneSimulator.ActiveCfg = Debug|Any CPU
		{2861702D-1EA4-4104-9FDC-C40E7BE39351}.Debug|iPhoneSimulator.Build.0 = Debug|Any CPU
		{2861702D-1EA4-4104-9FDC-C40E7BE39351}.Debug|iPhoneSimulator.Deploy.0 = Debug|Any CPU
		{2861702D-1EA4-4104-9FDC-C40E7BE39351}.Debug|x64.ActiveCfg = Debug|Any CPU
		{2861702D-1EA4-4104-9FDC-C40E7BE39351}.Debug|x64.Build.0 = Debug|Any CPU
		{2861702D-1EA4-4104-9FDC-C40E7BE39351}.Debug|x64.Deploy.0 = Debug|Any CPU
		{2861702D-1EA4-4104-9FDC-C40E7BE39351}.Debug|x86.ActiveCfg = Debug|Any CPU
		{2861702D-1EA4-4104-9FDC-C40E7BE39351}.Debug|x86.Build.0 = Debug|Any CPU
		{2861702D-1EA4-4104-9FDC-C40E7BE39351}.Debug|x86.Deploy.0 = Debug|Any CPU
		{2861702D-1EA4-4104-9FDC-C40E7BE39351}.Release|Any CPU.ActiveCfg = Release|Any CPU
		{2861702D-1EA4-4104-9FDC-C40E7BE39351}.Release|Any CPU.Build.0 = Release|Any CPU
		{2861702D-1EA4-4104-9FDC-C40E7BE39351}.Release|Any CPU.Deploy.0 = Release|Any CPU
		{2861702D-1EA4-4104-9FDC-C40E7BE39351}.Release|ARM.ActiveCfg = Release|Any CPU
		{2861702D-1EA4-4104-9FDC-C40E7BE39351}.Release|ARM.Build.0 = Release|Any CPU
		{2861702D-1EA4-4104-9FDC-C40E7BE39351}.Release|ARM.Deploy.0 = Release|Any CPU
		{2861702D-1EA4-4104-9FDC-C40E7BE39351}.Release|iPhone.ActiveCfg = Release|Any CPU
		{2861702D-1EA4-4104-9FDC-C40E7BE39351}.Release|iPhone.Build.0 = Release|Any CPU
		{2861702D-1EA4-4104-9FDC-C40E7BE39351}.Release|iPhone.Deploy.0 = Release|Any CPU
		{2861702D-1EA4-4104-9FDC-C40E7BE39351}.Release|iPhoneSimulator.ActiveCfg = Release|Any CPU
		{2861702D-1EA4-4104-9FDC-C40E7BE39351}.Release|iPhoneSimulator.Build.0 = Release|Any CPU
		{2861702D-1EA4-4104-9FDC-C40E7BE39351}.Release|iPhoneSimulator.Deploy.0 = Release|Any CPU
		{2861702D-1EA4-4104-9FDC-C40E7BE39351}.Release|x64.ActiveCfg = Release|Any CPU
		{2861702D-1EA4-4104-9FDC-C40E7BE39351}.Release|x64.Build.0 = Release|Any CPU
		{2861702D-1EA4-4104-9FDC-C40E7BE39351}.Release|x64.Deploy.0 = Release|Any CPU
		{2861702D-1EA4-4104-9FDC-C40E7BE39351}.Release|x86.ActiveCfg = Release|Any CPU
		{2861702D-1EA4-4104-9FDC-C40E7BE39351}.Release|x86.Build.0 = Release|Any CPU
		{2861702D-1EA4-4104-9FDC-C40E7BE39351}.Release|x86.Deploy.0 = Release|Any CPU
		{623A9E73-C7B5-4684-83AA-3C47D3B6CED5}.Debug|Any CPU.ActiveCfg = Debug|iPhoneSimulator
		{623A9E73-C7B5-4684-83AA-3C47D3B6CED5}.Debug|Any CPU.Build.0 = Debug|iPhoneSimulator
		{623A9E73-C7B5-4684-83AA-3C47D3B6CED5}.Debug|ARM.ActiveCfg = Debug|iPhoneSimulator
		{623A9E73-C7B5-4684-83AA-3C47D3B6CED5}.Debug|ARM.Build.0 = Debug|iPhoneSimulator
		{623A9E73-C7B5-4684-83AA-3C47D3B6CED5}.Debug|iPhone.ActiveCfg = Debug|iPhone
		{623A9E73-C7B5-4684-83AA-3C47D3B6CED5}.Debug|iPhone.Build.0 = Debug|iPhone
		{623A9E73-C7B5-4684-83AA-3C47D3B6CED5}.Debug|iPhoneSimulator.ActiveCfg = Debug|iPhoneSimulator
		{623A9E73-C7B5-4684-83AA-3C47D3B6CED5}.Debug|iPhoneSimulator.Build.0 = Debug|iPhoneSimulator
		{623A9E73-C7B5-4684-83AA-3C47D3B6CED5}.Debug|x64.ActiveCfg = Debug|iPhoneSimulator
		{623A9E73-C7B5-4684-83AA-3C47D3B6CED5}.Debug|x64.Build.0 = Debug|iPhoneSimulator
		{623A9E73-C7B5-4684-83AA-3C47D3B6CED5}.Debug|x86.ActiveCfg = Debug|iPhoneSimulator
		{623A9E73-C7B5-4684-83AA-3C47D3B6CED5}.Debug|x86.Build.0 = Debug|iPhoneSimulator
		{623A9E73-C7B5-4684-83AA-3C47D3B6CED5}.Release|Any CPU.ActiveCfg = Release|iPhoneSimulator
		{623A9E73-C7B5-4684-83AA-3C47D3B6CED5}.Release|Any CPU.Build.0 = Release|iPhoneSimulator
		{623A9E73-C7B5-4684-83AA-3C47D3B6CED5}.Release|ARM.ActiveCfg = Release|iPhoneSimulator
		{623A9E73-C7B5-4684-83AA-3C47D3B6CED5}.Release|ARM.Build.0 = Release|iPhoneSimulator
		{623A9E73-C7B5-4684-83AA-3C47D3B6CED5}.Release|iPhone.ActiveCfg = Release|iPhone
		{623A9E73-C7B5-4684-83AA-3C47D3B6CED5}.Release|iPhone.Build.0 = Release|iPhone
		{623A9E73-C7B5-4684-83AA-3C47D3B6CED5}.Release|iPhoneSimulator.ActiveCfg = Release|iPhoneSimulator
		{623A9E73-C7B5-4684-83AA-3C47D3B6CED5}.Release|iPhoneSimulator.Build.0 = Release|iPhoneSimulator
		{623A9E73-C7B5-4684-83AA-3C47D3B6CED5}.Release|x64.ActiveCfg = Release|iPhoneSimulator
		{623A9E73-C7B5-4684-83AA-3C47D3B6CED5}.Release|x64.Build.0 = Release|iPhoneSimulator
		{623A9E73-C7B5-4684-83AA-3C47D3B6CED5}.Release|x86.ActiveCfg = Release|iPhoneSimulator
		{623A9E73-C7B5-4684-83AA-3C47D3B6CED5}.Release|x86.Build.0 = Release|iPhoneSimulator
		{A5D7AA4E-F30C-4C42-B9A0-F8E60A4DDE19}.Debug|Any CPU.ActiveCfg = Debug|x64
		{A5D7AA4E-F30C-4C42-B9A0-F8E60A4DDE19}.Debug|Any CPU.Build.0 = Debug|x64
		{A5D7AA4E-F30C-4C42-B9A0-F8E60A4DDE19}.Debug|Any CPU.Deploy.0 = Debug|x64
		{A5D7AA4E-F30C-4C42-B9A0-F8E60A4DDE19}.Debug|ARM.ActiveCfg = Debug|ARM
		{A5D7AA4E-F30C-4C42-B9A0-F8E60A4DDE19}.Debug|ARM.Build.0 = Debug|ARM
		{A5D7AA4E-F30C-4C42-B9A0-F8E60A4DDE19}.Debug|ARM.Deploy.0 = Debug|ARM
		{A5D7AA4E-F30C-4C42-B9A0-F8E60A4DDE19}.Debug|iPhone.ActiveCfg = Debug|x64
		{A5D7AA4E-F30C-4C42-B9A0-F8E60A4DDE19}.Debug|iPhone.Build.0 = Debug|x64
		{A5D7AA4E-F30C-4C42-B9A0-F8E60A4DDE19}.Debug|iPhone.Deploy.0 = Debug|x64
		{A5D7AA4E-F30C-4C42-B9A0-F8E60A4DDE19}.Debug|iPhoneSimulator.ActiveCfg = Debug|x64
		{A5D7AA4E-F30C-4C42-B9A0-F8E60A4DDE19}.Debug|iPhoneSimulator.Build.0 = Debug|x64
		{A5D7AA4E-F30C-4C42-B9A0-F8E60A4DDE19}.Debug|iPhoneSimulator.Deploy.0 = Debug|x64
		{A5D7AA4E-F30C-4C42-B9A0-F8E60A4DDE19}.Debug|x64.ActiveCfg = Debug|x64
		{A5D7AA4E-F30C-4C42-B9A0-F8E60A4DDE19}.Debug|x64.Build.0 = Debug|x64
		{A5D7AA4E-F30C-4C42-B9A0-F8E60A4DDE19}.Debug|x64.Deploy.0 = Debug|x64
		{A5D7AA4E-F30C-4C42-B9A0-F8E60A4DDE19}.Debug|x86.ActiveCfg = Debug|x86
		{A5D7AA4E-F30C-4C42-B9A0-F8E60A4DDE19}.Debug|x86.Build.0 = Debug|x86
		{A5D7AA4E-F30C-4C42-B9A0-F8E60A4DDE19}.Debug|x86.Deploy.0 = Debug|x86
		{A5D7AA4E-F30C-4C42-B9A0-F8E60A4DDE19}.Release|Any CPU.ActiveCfg = Release|x64
		{A5D7AA4E-F30C-4C42-B9A0-F8E60A4DDE19}.Release|Any CPU.Build.0 = Release|x64
		{A5D7AA4E-F30C-4C42-B9A0-F8E60A4DDE19}.Release|Any CPU.Deploy.0 = Release|x64
		{A5D7AA4E-F30C-4C42-B9A0-F8E60A4DDE19}.Release|ARM.ActiveCfg = Release|ARM
		{A5D7AA4E-F30C-4C42-B9A0-F8E60A4DDE19}.Release|ARM.Build.0 = Release|ARM
		{A5D7AA4E-F30C-4C42-B9A0-F8E60A4DDE19}.Release|ARM.Deploy.0 = Release|ARM
		{A5D7AA4E-F30C-4C42-B9A0-F8E60A4DDE19}.Release|iPhone.ActiveCfg = Release|x64
		{A5D7AA4E-F30C-4C42-B9A0-F8E60A4DDE19}.Release|iPhone.Build.0 = Release|x64
		{A5D7AA4E-F30C-4C42-B9A0-F8E60A4DDE19}.Release|iPhone.Deploy.0 = Release|x64
		{A5D7AA4E-F30C-4C42-B9A0-F8E60A4DDE19}.Release|iPhoneSimulator.ActiveCfg = Release|x64
		{A5D7AA4E-F30C-4C42-B9A0-F8E60A4DDE19}.Release|iPhoneSimulator.Build.0 = Release|x64
		{A5D7AA4E-F30C-4C42-B9A0-F8E60A4DDE19}.Release|iPhoneSimulator.Deploy.0 = Release|x64
		{A5D7AA4E-F30C-4C42-B9A0-F8E60A4DDE19}.Release|x64.ActiveCfg = Release|x64
		{A5D7AA4E-F30C-4C42-B9A0-F8E60A4DDE19}.Release|x64.Build.0 = Release|x64
		{A5D7AA4E-F30C-4C42-B9A0-F8E60A4DDE19}.Release|x64.Deploy.0 = Release|x64
		{A5D7AA4E-F30C-4C42-B9A0-F8E60A4DDE19}.Release|x86.ActiveCfg = Release|x86
		{A5D7AA4E-F30C-4C42-B9A0-F8E60A4DDE19}.Release|x86.Build.0 = Release|x86
		{A5D7AA4E-F30C-4C42-B9A0-F8E60A4DDE19}.Release|x86.Deploy.0 = Release|x86
		{C3494517-A2F6-4AAC-A7E5-D315406DFDEE}.Debug|Any CPU.ActiveCfg = Debug|Any CPU
		{C3494517-A2F6-4AAC-A7E5-D315406DFDEE}.Debug|Any CPU.Build.0 = Debug|Any CPU
		{C3494517-A2F6-4AAC-A7E5-D315406DFDEE}.Debug|ARM.ActiveCfg = Debug|Any CPU
		{C3494517-A2F6-4AAC-A7E5-D315406DFDEE}.Debug|ARM.Build.0 = Debug|Any CPU
		{C3494517-A2F6-4AAC-A7E5-D315406DFDEE}.Debug|iPhone.ActiveCfg = Debug|Any CPU
		{C3494517-A2F6-4AAC-A7E5-D315406DFDEE}.Debug|iPhone.Build.0 = Debug|Any CPU
		{C3494517-A2F6-4AAC-A7E5-D315406DFDEE}.Debug|iPhoneSimulator.ActiveCfg = Debug|Any CPU
		{C3494517-A2F6-4AAC-A7E5-D315406DFDEE}.Debug|iPhoneSimulator.Build.0 = Debug|Any CPU
		{C3494517-A2F6-4AAC-A7E5-D315406DFDEE}.Debug|x64.ActiveCfg = Debug|Any CPU
		{C3494517-A2F6-4AAC-A7E5-D315406DFDEE}.Debug|x64.Build.0 = Debug|Any CPU
		{C3494517-A2F6-4AAC-A7E5-D315406DFDEE}.Debug|x86.ActiveCfg = Debug|Any CPU
		{C3494517-A2F6-4AAC-A7E5-D315406DFDEE}.Debug|x86.Build.0 = Debug|Any CPU
		{C3494517-A2F6-4AAC-A7E5-D315406DFDEE}.Release|Any CPU.ActiveCfg = Release|Any CPU
		{C3494517-A2F6-4AAC-A7E5-D315406DFDEE}.Release|Any CPU.Build.0 = Release|Any CPU
		{C3494517-A2F6-4AAC-A7E5-D315406DFDEE}.Release|ARM.ActiveCfg = Release|Any CPU
		{C3494517-A2F6-4AAC-A7E5-D315406DFDEE}.Release|ARM.Build.0 = Release|Any CPU
		{C3494517-A2F6-4AAC-A7E5-D315406DFDEE}.Release|iPhone.ActiveCfg = Release|Any CPU
		{C3494517-A2F6-4AAC-A7E5-D315406DFDEE}.Release|iPhone.Build.0 = Release|Any CPU
		{C3494517-A2F6-4AAC-A7E5-D315406DFDEE}.Release|iPhoneSimulator.ActiveCfg = Release|Any CPU
		{C3494517-A2F6-4AAC-A7E5-D315406DFDEE}.Release|iPhoneSimulator.Build.0 = Release|Any CPU
		{C3494517-A2F6-4AAC-A7E5-D315406DFDEE}.Release|x64.ActiveCfg = Release|Any CPU
		{C3494517-A2F6-4AAC-A7E5-D315406DFDEE}.Release|x64.Build.0 = Release|Any CPU
		{C3494517-A2F6-4AAC-A7E5-D315406DFDEE}.Release|x86.ActiveCfg = Release|Any CPU
		{C3494517-A2F6-4AAC-A7E5-D315406DFDEE}.Release|x86.Build.0 = Release|Any CPU
	EndGlobalSection
	GlobalSection(SolutionProperties) = preSolution
		HideSolutionNode = FALSE
	EndGlobalSection
	GlobalSection(ExtensibilityGlobals) = postSolution
		SolutionGuid = {416B38A6-48A7-4071-B752-EE1359431F4B}
	EndGlobalSection
EndGlobal
