
Microsoft Visual Studio Solution File, Format Version 12.00
# Visual Studio Version 17
VisualStudioVersion = 17.1.32228.430
MinimumVisualStudioVersion = 15.0.26124.0
Project("{FAE04EC0-301F-11D3-BF4B-00C04F79EFBC}") = "ConsoleAppExample", "ConsoleAppExample.csproj", "{9DAC6B82-A515-4009-9FE3-8FB7492B4591}"
EndProject
Project("{FAE04EC0-301F-11D3-BF4B-00C04F79EFBC}") = "Nogic.WritableOptions", "..\..\src\Nogic.WritableOptions\Nogic.WritableOptions.csproj", "{0B5E68BF-5B63-49DD-8FEC-AE78ECB26A03}"
EndProject
Global
	GlobalSection(SolutionConfigurationPlatforms) = preSolution
		Debug|Any CPU = Debug|Any CPU
		Release|Any CPU = Release|Any CPU
	EndGlobalSection
	GlobalSection(SolutionProperties) = preSolution
		HideSolutionNode = FALSE
	EndGlobalSection
	GlobalSection(ProjectConfigurationPlatforms) = postSolution
		{9DAC6B82-A515-4009-9FE3-8FB7492B4591}.Debug|Any CPU.ActiveCfg = Debug|Any CPU
		{9DAC6B82-A515-4009-9FE3-8FB7492B4591}.Debug|Any CPU.Build.0 = Debug|Any CPU
		{9DAC6B82-A515-4009-9FE3-8FB7492B4591}.Release|Any CPU.ActiveCfg = Release|Any CPU
		{9DAC6B82-A515-4009-9FE3-8FB7492B4591}.Release|Any CPU.Build.0 = Release|Any CPU
		{0B5E68BF-5B63-49DD-8FEC-AE78ECB26A03}.Debug|Any CPU.ActiveCfg = Debug|Any CPU
		{0B5E68BF-5B63-49DD-8FEC-AE78ECB26A03}.Debug|Any CPU.Build.0 = Debug|Any CPU
		{0B5E68BF-5B63-49DD-8FEC-AE78ECB26A03}.Release|Any CPU.ActiveCfg = Release|Any CPU
		{0B5E68BF-5B63-49DD-8FEC-AE78ECB26A03}.Release|Any CPU.Build.0 = Release|Any CPU
	EndGlobalSection
EndGlobal
