{
  "version": 1,
  "dependencies": {
    "net6.0": {
      "ConsoleAppFramework": {
        "type": "Direct",
        "requested": "[3.3.2, )",
        "resolved": "3.3.2",
        "contentHash": "UEUJ1ToLuBz1sHe4BTp9xsvL3rashWEUFZb8QXgZWztW9/ZVptEEOhGsYCJ51WhAmXKI3422u6/mb1Kav7G21w==",
        "dependencies": {
          "Microsoft.Extensions.Hosting": "3.1.5",
          "System.Text.Json": "4.7.2",
          "System.Threading.Tasks.Extensions": "4.5.4"
        }
      },
      "Microsoft.Extensions.Configuration": {
        "type": "Transitive",
        "resolved": "6.0.0-rc.2.21480.5",
        "contentHash": "VvMdLqMZFCg/nEXBgiC4rOmBWpmE+K9955qyM+GvIUD7SN8YMm815af+3+YuGBBw7oSuxe++sY7JY1vTKxZNtg==",
        "dependencies": {
          "Microsoft.Extensions.Configuration.Abstractions": "6.0.0-rc.2.21480.5",
          "Microsoft.Extensions.Primitives": "6.0.0-rc.2.21480.5"
        }
      },
      "Microsoft.Extensions.Configuration.Abstractions": {
        "type": "Transitive",
        "resolved": "6.0.0-rc.2.21480.5",
        "contentHash": "rYaFy7Wm54Kf9ot29O4YhlCTlPBu5nz6wsseMaWPJ0yB0ri7V29SRdXqB536/n140RGV7FgVhMybxOgnhLfjMw==",
        "dependencies": {
          "Microsoft.Extensions.Primitives": "6.0.0-rc.2.21480.5"
        }
      },
      "Microsoft.Extensions.Configuration.Binder": {
        "type": "Transitive",
        "resolved": "6.0.0-rc.2.21480.5",
        "contentHash": "VqdjM/xkQHEndjpw/7bmg1f5MEEwgnYYAeWCuYmNO6sh2YVUuKVyFs+DYcDA6mxnVfs2sYDsLEJCAnNuNINkqQ==",
        "dependencies": {
          "Microsoft.Extensions.Configuration.Abstractions": "6.0.0-rc.2.21480.5"
        }
      },
      "Microsoft.Extensions.Configuration.CommandLine": {
        "type": "Transitive",
        "resolved": "6.0.0-rc.2.21480.5",
        "contentHash": "+YCmth/u2jA6PASdm5SRmlsGoQG5o8i+GVTCI6RtDHVizpyuDe2EeXDyXjEDfpCPdLV0WtLwTRfBIlNx4mIXBQ==",
        "dependencies": {
          "Microsoft.Extensions.Configuration": "6.0.0-rc.2.21480.5",
          "Microsoft.Extensions.Configuration.Abstractions": "6.0.0-rc.2.21480.5"
        }
      },
      "Microsoft.Extensions.Configuration.EnvironmentVariables": {
        "type": "Transitive",
        "resolved": "6.0.0-rc.2.21480.5",
        "contentHash": "5uQXjFURuQ9k9qRyLJuQcTF5DBKxfdm4GI/0eB3ndTW7cc864PRn6FqMGPlq1kAiRlkyntFCT0NqvcpFk9dH2w==",
        "dependencies": {
          "Microsoft.Extensions.Configuration": "6.0.0-rc.2.21480.5",
          "Microsoft.Extensions.Configuration.Abstractions": "6.0.0-rc.2.21480.5"
        }
      },
      "Microsoft.Extensions.Configuration.FileExtensions": {
        "type": "Transitive",
        "resolved": "6.0.0-rc.2.21480.5",
        "contentHash": "SnxQ4IMYSTPw03832uUy2ROPFk//Lia972vfTtOnY6zlvLzJ2RKMjlLdOA8U+4cWuDJ1bjXXKBvD2aV6nT8DuA==",
        "dependencies": {
          "Microsoft.Extensions.Configuration": "6.0.0-rc.2.21480.5",
          "Microsoft.Extensions.Configuration.Abstractions": "6.0.0-rc.2.21480.5",
          "Microsoft.Extensions.FileProviders.Abstractions": "6.0.0-rc.2.21480.5",
          "Microsoft.Extensions.FileProviders.Physical": "6.0.0-rc.2.21480.5",
          "Microsoft.Extensions.Primitives": "6.0.0-rc.2.21480.5"
        }
      },
      "Microsoft.Extensions.Configuration.Json": {
        "type": "Transitive",
        "resolved": "6.0.0-rc.2.21480.5",
        "contentHash": "WWL2F+k9aDIirRzPFZJzs19D3tjEvEP6w+zv9sfa0q+0guFZF/ygecsNdXiiyiwT3AC1psk2mw3Yzf+WjuYdOQ==",
        "dependencies": {
          "Microsoft.Extensions.Configuration": "6.0.0-rc.2.21480.5",
          "Microsoft.Extensions.Configuration.Abstractions": "6.0.0-rc.2.21480.5",
          "Microsoft.Extensions.Configuration.FileExtensions": "6.0.0-rc.2.21480.5",
          "Microsoft.Extensions.FileProviders.Abstractions": "6.0.0-rc.2.21480.5",
          "System.Text.Json": "6.0.0-rc.2.21480.5"
        }
      },
      "Microsoft.Extensions.Configuration.UserSecrets": {
        "type": "Transitive",
        "resolved": "6.0.0-rc.2.21480.5",
        "contentHash": "qMtcunPu/rzQWuPw8F/6DZbiLv6+jXBI2YUEQyT7yQcaQfizG0vl4swAU2a3Ki+XHB9g7/I6r16ivNk1vd1D8w==",
        "dependencies": {
          "Microsoft.Extensions.Configuration.Abstractions": "6.0.0-rc.2.21480.5",
          "Microsoft.Extensions.Configuration.Json": "6.0.0-rc.2.21480.5",
          "Microsoft.Extensions.FileProviders.Abstractions": "6.0.0-rc.2.21480.5",
          "Microsoft.Extensions.FileProviders.Physical": "6.0.0-rc.2.21480.5"
        }
      },
      "Microsoft.Extensions.DependencyInjection": {
        "type": "Transitive",
        "resolved": "6.0.0-rc.2.21480.5",
        "contentHash": "oLjs0qdNy7ddQfcmMaOwx4KXIreo3H7j80N33iaKupAGOKgnEzSGXYIGZxQVHh++cobWmmDQouw3IkP45W9O/w==",
        "dependencies": {
          "Microsoft.Extensions.DependencyInjection.Abstractions": "6.0.0-rc.2.21480.5",
          "System.Runtime.CompilerServices.Unsafe": "6.0.0-rc.2.21480.5"
        }
      },
      "Microsoft.Extensions.DependencyInjection.Abstractions": {
        "type": "Transitive",
        "resolved": "6.0.0-rc.2.21480.5",
        "contentHash": "hi3YC5dY6zjbV5ZNsi/UvKHNTpP4wkvaRXchH0FXGdU/pHDbmua9NAKLu9WCTs5DOnOXtvAbly/I6IZpGBzXSA=="
      },
      "Microsoft.Extensions.FileProviders.Abstractions": {
        "type": "Transitive",
        "resolved": "6.0.0-rc.2.21480.5",
        "contentHash": "2z4xG+Z4hiFARajcSmb7O/NbZ1OWqayu6LuktSkQ7sYTmnWu79dhf32Qdrx0L1xxnsV9G4SCo3w52tOHSY6MVA==",
        "dependencies": {
          "Microsoft.Extensions.Primitives": "6.0.0-rc.2.21480.5"
        }
      },
      "Microsoft.Extensions.FileProviders.Physical": {
        "type": "Transitive",
        "resolved": "6.0.0-rc.2.21480.5",
        "contentHash": "G9lfAk3kJnNwELRsTEuUp4HxnN8K9gdlMIXpsO6vmqj0ASw60hKPZaYjyQ+qeEtz5rwa2U0uV2l5CXCpxU2Pvg==",
        "dependencies": {
          "Microsoft.Extensions.FileProviders.Abstractions": "6.0.0-rc.2.21480.5",
          "Microsoft.Extensions.FileSystemGlobbing": "6.0.0-rc.2.21480.5",
          "Microsoft.Extensions.Primitives": "6.0.0-rc.2.21480.5"
        }
      },
      "Microsoft.Extensions.FileSystemGlobbing": {
        "type": "Transitive",
        "resolved": "6.0.0-rc.2.21480.5",
        "contentHash": "yiyVj4X3vKxpjq71bFfSC51WwBK7ztsCg+i8gk92HudeK6HMb3zDNtTYWLmtb/SJW5WSitDGeefTFOhAuqwb0g=="
      },
      "Microsoft.Extensions.Hosting": {
        "type": "Transitive",
        "resolved": "6.0.0-rc.2.21480.5",
        "contentHash": "2PCbiV+OK9NuxZ4ccL5hS3/bM0kzHqecnedMSV/YfO/dg3d8yVOqYnWyQEjpAjX+Qlq6x3Hi1boGqb7ROaaVew==",
        "dependencies": {
          "Microsoft.Extensions.Configuration": "6.0.0-rc.2.21480.5",
          "Microsoft.Extensions.Configuration.Abstractions": "6.0.0-rc.2.21480.5",
          "Microsoft.Extensions.Configuration.Binder": "6.0.0-rc.2.21480.5",
          "Microsoft.Extensions.Configuration.CommandLine": "6.0.0-rc.2.21480.5",
          "Microsoft.Extensions.Configuration.EnvironmentVariables": "6.0.0-rc.2.21480.5",
          "Microsoft.Extensions.Configuration.FileExtensions": "6.0.0-rc.2.21480.5",
          "Microsoft.Extensions.Configuration.Json": "6.0.0-rc.2.21480.5",
          "Microsoft.Extensions.Configuration.UserSecrets": "6.0.0-rc.2.21480.5",
          "Microsoft.Extensions.DependencyInjection": "6.0.0-rc.2.21480.5",
          "Microsoft.Extensions.DependencyInjection.Abstractions": "6.0.0-rc.2.21480.5",
          "Microsoft.Extensions.FileProviders.Abstractions": "6.0.0-rc.2.21480.5",
          "Microsoft.Extensions.FileProviders.Physical": "6.0.0-rc.2.21480.5",
          "Microsoft.Extensions.Hosting.Abstractions": "6.0.0-rc.2.21480.5",
          "Microsoft.Extensions.Logging": "6.0.0-rc.2.21480.5",
          "Microsoft.Extensions.Logging.Abstractions": "6.0.0-rc.2.21480.5",
          "Microsoft.Extensions.Logging.Configuration": "6.0.0-rc.2.21480.5",
          "Microsoft.Extensions.Logging.Console": "6.0.0-rc.2.21480.5",
          "Microsoft.Extensions.Logging.Debug": "6.0.0-rc.2.21480.5",
          "Microsoft.Extensions.Logging.EventLog": "6.0.0-rc.2.21480.5",
          "Microsoft.Extensions.Logging.EventSource": "6.0.0-rc.2.21480.5",
          "Microsoft.Extensions.Options": "6.0.0-rc.2.21480.5"
        }
      },
      "Microsoft.Extensions.Hosting.Abstractions": {
        "type": "Transitive",
        "resolved": "6.0.0-rc.2.21480.5",
        "contentHash": "V+6WS0Qf/Wp/BSmFeRGnHYbnIg7+J5TMV7BZzwcTdOI/YToaUUNxJeIIjOhtb5M80PAqnoMf6uSQyCobpY5JLA==",
        "dependencies": {
          "Microsoft.Extensions.Configuration.Abstractions": "6.0.0-rc.2.21480.5",
          "Microsoft.Extensions.DependencyInjection.Abstractions": "6.0.0-rc.2.21480.5",
          "Microsoft.Extensions.FileProviders.Abstractions": "6.0.0-rc.2.21480.5"
        }
      },
      "Microsoft.Extensions.Logging": {
        "type": "Transitive",
        "resolved": "6.0.0-rc.2.21480.5",
        "contentHash": "HHZh0FQ21+k5+1VL1G64v1S1/oNkeB08cElUOln6ewKFUYhhyaABH8ASs08O0WSon51EB7ierYkAUOT9BTx3iQ==",
        "dependencies": {
          "Microsoft.Extensions.DependencyInjection": "6.0.0-rc.2.21480.5",
          "Microsoft.Extensions.DependencyInjection.Abstractions": "6.0.0-rc.2.21480.5",
          "Microsoft.Extensions.Logging.Abstractions": "6.0.0-rc.2.21480.5",
          "Microsoft.Extensions.Options": "6.0.0-rc.2.21480.5",
          "System.Diagnostics.DiagnosticSource": "6.0.0-rc.2.21480.5"
        }
      },
      "Microsoft.Extensions.Logging.Abstractions": {
        "type": "Transitive",
        "resolved": "6.0.0-rc.2.21480.5",
        "contentHash": "fcEdzB+in4k9lc2peXCNCXHHtPAh2MVcIplgHyBQwG5mxR/emcn3Cbt9TwJbl3kif2p2pqarLhXxs01VmM9VVQ=="
      },
      "Microsoft.Extensions.Logging.Configuration": {
        "type": "Transitive",
        "resolved": "6.0.0-rc.2.21480.5",
        "contentHash": "dD0xM6/nHU6z6U05GKDdIquZCzIUCA99Z9SatKZo7LyvNttxgIc23fbNHW1we4+ZxYG9XUvCLSvlIQZP9iIOoA==",
        "dependencies": {
          "Microsoft.Extensions.Configuration": "6.0.0-rc.2.21480.5",
          "Microsoft.Extensions.Configuration.Abstractions": "6.0.0-rc.2.21480.5",
          "Microsoft.Extensions.Configuration.Binder": "6.0.0-rc.2.21480.5",
          "Microsoft.Extensions.DependencyInjection.Abstractions": "6.0.0-rc.2.21480.5",
          "Microsoft.Extensions.Logging": "6.0.0-rc.2.21480.5",
          "Microsoft.Extensions.Logging.Abstractions": "6.0.0-rc.2.21480.5",
          "Microsoft.Extensions.Options": "6.0.0-rc.2.21480.5",
          "Microsoft.Extensions.Options.ConfigurationExtensions": "6.0.0-rc.2.21480.5"
        }
      },
      "Microsoft.Extensions.Logging.Console": {
        "type": "Transitive",
        "resolved": "6.0.0-rc.2.21480.5",
        "contentHash": "NZQDp1NfzDi75AS4KJ5+/pk0+ecjyZbRQctrYBsAZnl9flb1pAGcF+E2t7TBGx+CCB+nPy+y7HgxrgLksG6ZEw==",
        "dependencies": {
          "Microsoft.Extensions.DependencyInjection.Abstractions": "6.0.0-rc.2.21480.5",
          "Microsoft.Extensions.Logging": "6.0.0-rc.2.21480.5",
          "Microsoft.Extensions.Logging.Abstractions": "6.0.0-rc.2.21480.5",
          "Microsoft.Extensions.Logging.Configuration": "6.0.0-rc.2.21480.5",
          "Microsoft.Extensions.Options": "6.0.0-rc.2.21480.5",
          "System.Text.Json": "6.0.0-rc.2.21480.5"
        }
      },
      "Microsoft.Extensions.Logging.Debug": {
        "type": "Transitive",
        "resolved": "6.0.0-rc.2.21480.5",
        "contentHash": "6AhOIZN9N1EZWsjnEJyxH8vC0KCbZZZhlx1ybTfxolwiPYIWKF4CghEIJnqYZvV6kNyP//bYSIxQN9vJm2rXiQ==",
        "dependencies": {
          "Microsoft.Extensions.DependencyInjection.Abstractions": "6.0.0-rc.2.21480.5",
          "Microsoft.Extensions.Logging": "6.0.0-rc.2.21480.5",
          "Microsoft.Extensions.Logging.Abstractions": "6.0.0-rc.2.21480.5"
        }
      },
      "Microsoft.Extensions.Logging.EventLog": {
        "type": "Transitive",
        "resolved": "6.0.0-rc.2.21480.5",
        "contentHash": "6lWF2KZpBBH6Be6GERDBRkWQn+eaHCvGl5fEpO/IwO70KOxgbe/e96/pz5QBW03/GDymnb7Uo4q1gt5aCZjwjg==",
        "dependencies": {
          "Microsoft.Extensions.DependencyInjection.Abstractions": "6.0.0-rc.2.21480.5",
          "Microsoft.Extensions.Logging": "6.0.0-rc.2.21480.5",
          "Microsoft.Extensions.Logging.Abstractions": "6.0.0-rc.2.21480.5",
          "Microsoft.Extensions.Options": "6.0.0-rc.2.21480.5",
          "System.Diagnostics.EventLog": "6.0.0-rc.2.21480.5"
        }
      },
      "Microsoft.Extensions.Logging.EventSource": {
        "type": "Transitive",
        "resolved": "6.0.0-rc.2.21480.5",
        "contentHash": "hKX8wQ9dVtNSzutyPt57DV6BRVR5cZmP1Fci7vPHpRZVxttgdDa8ScSDGQwg80RTfkuXlxMZHt2S0T0qR6t/eA==",
        "dependencies": {
          "Microsoft.Extensions.DependencyInjection.Abstractions": "6.0.0-rc.2.21480.5",
          "Microsoft.Extensions.Logging": "6.0.0-rc.2.21480.5",
          "Microsoft.Extensions.Logging.Abstractions": "6.0.0-rc.2.21480.5",
          "Microsoft.Extensions.Options": "6.0.0-rc.2.21480.5",
          "Microsoft.Extensions.Primitives": "6.0.0-rc.2.21480.5",
          "System.Runtime.CompilerServices.Unsafe": "6.0.0-rc.2.21480.5",
          "System.Text.Json": "6.0.0-rc.2.21480.5"
        }
      },
      "Microsoft.Extensions.Options": {
        "type": "Transitive",
        "resolved": "6.0.0-rc.2.21480.5",
        "contentHash": "otg8fXbbJhH2xQO5qKT67Oxra2YwqJsGh19nxHqPmZjcJzLB/BDavFdzAxt/rImISAjMxXiELNyrJzkZeJGUvw==",
        "dependencies": {
          "Microsoft.Extensions.DependencyInjection.Abstractions": "6.0.0-rc.2.21480.5",
          "Microsoft.Extensions.Primitives": "6.0.0-rc.2.21480.5"
        }
      },
      "Microsoft.Extensions.Options.ConfigurationExtensions": {
        "type": "Transitive",
        "resolved": "6.0.0-rc.2.21480.5",
        "contentHash": "9fBOx2i6Bw/3D/sY0wp+wojxCCIu8ZT/eo2mQJAd+Q3Lk0ZxjcTcWNuf2W8X+ofaJPJNn0iQeiO479+PkRwZbg==",
        "dependencies": {
          "Microsoft.Extensions.Configuration.Abstractions": "6.0.0-rc.2.21480.5",
          "Microsoft.Extensions.Configuration.Binder": "6.0.0-rc.2.21480.5",
          "Microsoft.Extensions.DependencyInjection.Abstractions": "6.0.0-rc.2.21480.5",
          "Microsoft.Extensions.Options": "6.0.0-rc.2.21480.5",
          "Microsoft.Extensions.Primitives": "6.0.0-rc.2.21480.5"
        }
      },
      "Microsoft.Extensions.Primitives": {
        "type": "Transitive",
        "resolved": "6.0.0-rc.2.21480.5",
        "contentHash": "KpduKHx0+5a7lfUlcrdXpsnSq49OOB/cITyn9F+5EzvnUvx2uFvQ76lNtSK6dcKa0nl1A+qGVsLGTSjp1NN5Cg==",
        "dependencies": {
          "System.Runtime.CompilerServices.Unsafe": "6.0.0-rc.2.21480.5"
        }
      },
      "System.Diagnostics.DiagnosticSource": {
        "type": "Transitive",
        "resolved": "6.0.0-rc.2.21480.5",
        "contentHash": "ULjUEVJVr2P1OmpUv++XobXZ9jcymlktpI20pJpMRgDyuH8s2oh7TJgLFtkkGYJw1LsBmUOY1yxj2Mh8776otw==",
        "dependencies": {
          "System.Runtime.CompilerServices.Unsafe": "6.0.0-rc.2.21480.5"
        }
      },
      "System.Diagnostics.EventLog": {
        "type": "Transitive",
        "resolved": "6.0.0-rc.2.21480.5",
        "contentHash": "3Hh29kUVJ+/UzHzkD3lOFb5LHJvI+YKDnQIk2vA9DNbDO0WA+pVB2og35E+DkIi4/HaxAANE0Ajh79CWBvrv8w=="
      },
      "System.Runtime.CompilerServices.Unsafe": {
        "type": "Transitive",
        "resolved": "6.0.0-rc.2.21480.5",
        "contentHash": "Xn/HBsyA/Fsp0gGZpdJcVBluc0MDXisNHHiYXTdreb1Nl4PEid7L6w3JcWrOU9xQFoL5Ep7ySnNDTn1BVVy26Q=="
      },
      "System.Text.Encodings.Web": {
        "type": "Transitive",
        "resolved": "6.0.0-rc.2.21480.5",
        "contentHash": "9tYbLbixVbbPJ/dxmL3diSete64KzsqafOCUcopKKg9VNUde6c6ppoeFIIZrvy3QGRO+n7dP4GuvDkpH3Vgqeg==",
        "dependencies": {
          "System.Runtime.CompilerServices.Unsafe": "6.0.0-rc.2.21480.5"
        }
      },
      "System.Text.Json": {
        "type": "Transitive",
        "resolved": "6.0.0-rc.2.21480.5",
        "contentHash": "o84o5V+XvbvJ8oZCf8kO5GWgWPIyta2FKFusv/gAqa1Ui52mXc68tHGHu5qhpWJ1JjQzW8oO04t2iULVtGbdZw==",
        "dependencies": {
          "System.Runtime.CompilerServices.Unsafe": "6.0.0-rc.2.21480.5",
          "System.Text.Encodings.Web": "6.0.0-rc.2.21480.5"
        }
      },
      "System.Threading.Tasks.Extensions": {
        "type": "Transitive",
        "resolved": "4.5.4",
        "contentHash": "zteT+G8xuGu6mS+mzDzYXbzS7rd3K6Fjb9RiZlYlJPam2/hU7JCBZBVEcywNuR+oZ1ncTvc/cq0faRr3P01OVg=="
      },
      "nogic.writableoptions": {
        "type": "Project",
        "dependencies": {
          "Microsoft.Extensions.Configuration.Abstractions": "6.0.0-rc.2.21480.5",
          "Microsoft.Extensions.Hosting": "6.0.0-rc.2.21480.5",
          "Microsoft.Extensions.Options": "6.0.0-rc.2.21480.5"
        }
      }
    }
  }
}
