{
  "version": 1,
  "dependencies": {
    "net6.0": {
      "ConsoleAppFramework": {
        "type": "Direct",
        "requested": "[3.3.2, )",
        "resolved": "3.3.2",
        "contentHash": "UEUJ1ToLuBz1sHe4BTp9xsvL3rashWEUFZb8QXgZWztW9/ZVptEEOhGsYCJ51WhAmXKI3422u6/mb1Kav7G21w==",
        "dependencies": {
          "Microsoft.Extensions.Hosting": "3.1.5",
          "System.Text.Json": "4.7.2",
          "System.Threading.Tasks.Extensions": "4.5.4"
        }
      },
      "Microsoft.Extensions.Configuration": {
        "type": "Transitive",
        "resolved": "6.0.0-preview.7.21377.19",
        "contentHash": "gmd/z9KFruNb6N0yQXaKxPJU3IW9J3LtCx2x+Z7DuWVTjvO4QgZpEYcv06AWdsvkCx7Tl5EMNw09kc8HrmE5tg==",
        "dependencies": {
          "Microsoft.Extensions.Configuration.Abstractions": "6.0.0-preview.7.21377.19",
          "Microsoft.Extensions.Primitives": "6.0.0-preview.7.21377.19"
        }
      },
      "Microsoft.Extensions.Configuration.Abstractions": {
        "type": "Transitive",
        "resolved": "6.0.0-preview.7.21377.19",
        "contentHash": "E7jldErD3SGhDuxilC2H7UaATGpJJc+pYpYpsiSEhIveM6ldSwjRCqg3iousXnF1zdDMRESsCROYwPIVygoyVQ==",
        "dependencies": {
          "Microsoft.Extensions.Primitives": "6.0.0-preview.7.21377.19"
        }
      },
      "Microsoft.Extensions.Configuration.Binder": {
        "type": "Transitive",
        "resolved": "6.0.0-preview.7.21377.19",
        "contentHash": "ZmY7T2qLrtujXx3UtD7o0nSS/dxbcKMp4/yuMhs+N0z5otAzQLWo4ouilhN6E3RTx3r9VJ39kxfaYjRlRW5d1A==",
        "dependencies": {
          "Microsoft.Extensions.Configuration.Abstractions": "6.0.0-preview.7.21377.19"
        }
      },
      "Microsoft.Extensions.Configuration.CommandLine": {
        "type": "Transitive",
        "resolved": "6.0.0-preview.7.21377.19",
        "contentHash": "DP6clR1Zq3zCs89nXNbr1adYg8OsdVnPFZCrWiOLRCDnxxWDSertU/4INj4bQ4GUCo7lMjMqQVA+CIjsyk5inw==",
        "dependencies": {
          "Microsoft.Extensions.Configuration": "6.0.0-preview.7.21377.19",
          "Microsoft.Extensions.Configuration.Abstractions": "6.0.0-preview.7.21377.19"
        }
      },
      "Microsoft.Extensions.Configuration.EnvironmentVariables": {
        "type": "Transitive",
        "resolved": "6.0.0-preview.7.21377.19",
        "contentHash": "QJRZedZrZl4TC/gvBPgMQw67dXaz6Qlyug9R2npX4J0AU1PwF9VqKR4e76EKYAuxV+fzTc1uTSxKJnkGIgDG9g==",
        "dependencies": {
          "Microsoft.Extensions.Configuration": "6.0.0-preview.7.21377.19",
          "Microsoft.Extensions.Configuration.Abstractions": "6.0.0-preview.7.21377.19"
        }
      },
      "Microsoft.Extensions.Configuration.FileExtensions": {
        "type": "Transitive",
        "resolved": "6.0.0-preview.7.21377.19",
        "contentHash": "gHbwpAGzPKD3PwmWelF5CXfJgAtFvYhAJ+/xCwzzCSy3TYhkfhOjhIg8afTcPrrwbsAtEyeABRayUFxfJ/3y1g==",
        "dependencies": {
          "Microsoft.Extensions.Configuration": "6.0.0-preview.7.21377.19",
          "Microsoft.Extensions.Configuration.Abstractions": "6.0.0-preview.7.21377.19",
          "Microsoft.Extensions.FileProviders.Abstractions": "6.0.0-preview.7.21377.19",
          "Microsoft.Extensions.FileProviders.Physical": "6.0.0-preview.7.21377.19",
          "Microsoft.Extensions.Primitives": "6.0.0-preview.7.21377.19"
        }
      },
      "Microsoft.Extensions.Configuration.Json": {
        "type": "Transitive",
        "resolved": "6.0.0-preview.7.21377.19",
        "contentHash": "Hs0OCpMBQF8u/xelPP3r4lsNjxbH764HJopyRwIgiToFSf7ixQ91e4xUG99KMpzJ5QUMq0sz3bVraf/3n71kYQ==",
        "dependencies": {
          "Microsoft.Extensions.Configuration": "6.0.0-preview.7.21377.19",
          "Microsoft.Extensions.Configuration.Abstractions": "6.0.0-preview.7.21377.19",
          "Microsoft.Extensions.Configuration.FileExtensions": "6.0.0-preview.7.21377.19",
          "Microsoft.Extensions.FileProviders.Abstractions": "6.0.0-preview.7.21377.19",
          "System.Text.Json": "6.0.0-preview.7.21377.19"
        }
      },
      "Microsoft.Extensions.Configuration.UserSecrets": {
        "type": "Transitive",
        "resolved": "6.0.0-preview.7.21377.19",
        "contentHash": "EaVMXhjOhp9IqhS3bTdd8H2qWYHY1puU2GCDUt00j/tL3BK2dUjwKxclOLC9Y7AVpAEM1NN9GT3h+HcUhcmkUw==",
        "dependencies": {
          "Microsoft.Extensions.Configuration.Abstractions": "6.0.0-preview.7.21377.19",
          "Microsoft.Extensions.Configuration.Json": "6.0.0-preview.7.21377.19",
          "Microsoft.Extensions.FileProviders.Abstractions": "6.0.0-preview.7.21377.19",
          "Microsoft.Extensions.FileProviders.Physical": "6.0.0-preview.7.21377.19"
        }
      },
      "Microsoft.Extensions.DependencyInjection": {
        "type": "Transitive",
        "resolved": "6.0.0-preview.7.21377.19",
        "contentHash": "BjESHgE6sL2YfUsc7fyA6zWax/ByG0We+F5hRk9hvlSupFMzaMvKWhjAAzZnQG+tvqsrZxydrZtganxDpuqqeQ==",
        "dependencies": {
          "Microsoft.Extensions.DependencyInjection.Abstractions": "6.0.0-preview.7.21377.19",
          "System.Runtime.CompilerServices.Unsafe": "6.0.0-preview.7.21377.19"
        }
      },
      "Microsoft.Extensions.DependencyInjection.Abstractions": {
        "type": "Transitive",
        "resolved": "6.0.0-preview.7.21377.19",
        "contentHash": "atV1M3Bmuc9+mIW1/AxgfYhZBH74P5897+sOq5zXQaNA/OBqAax1NQ/LZrIVqpFMYk5aPVv4vn2uirQ4Peuglg=="
      },
      "Microsoft.Extensions.FileProviders.Abstractions": {
        "type": "Transitive",
        "resolved": "6.0.0-preview.7.21377.19",
        "contentHash": "vy+WCTNP2+qFcbe/jfXM1QoWpjqDKb/xvFDL8EFgyWMG3QcfE8Q2W73HFMt+7QYtYWNOFEauW3+eq+mxygb/DA==",
        "dependencies": {
          "Microsoft.Extensions.Primitives": "6.0.0-preview.7.21377.19"
        }
      },
      "Microsoft.Extensions.FileProviders.Physical": {
        "type": "Transitive",
        "resolved": "6.0.0-preview.7.21377.19",
        "contentHash": "eHWNZTEivf5YxZ3qf4mPxkYKVhKg1HEhJMCj1wINuFUD9vh+Ak2aD9030cgD+hudymgjNAHrcg4Nc6hUdkXliA==",
        "dependencies": {
          "Microsoft.Extensions.FileProviders.Abstractions": "6.0.0-preview.7.21377.19",
          "Microsoft.Extensions.FileSystemGlobbing": "6.0.0-preview.7.21377.19",
          "Microsoft.Extensions.Primitives": "6.0.0-preview.7.21377.19"
        }
      },
      "Microsoft.Extensions.FileSystemGlobbing": {
        "type": "Transitive",
        "resolved": "6.0.0-preview.7.21377.19",
        "contentHash": "5TRYBYXsqj+mBXj264rPKDmpXUu2ffhV94PO0pILyuFdHwcyhSpW5OGog+ZLIhOxuyM+WvasEJtThsB2I3jcWA=="
      },
      "Microsoft.Extensions.Hosting": {
        "type": "Transitive",
        "resolved": "6.0.0-preview.7.21377.19",
        "contentHash": "gQeeM2TXM7I1dZfAjbvvsfhyqvpzLUJp9UxUSjbAVw4ozkTj2HkZEOe7oq9xBStA5GR1ii8ijCcA8F+3lDZ7Gg==",
        "dependencies": {
          "Microsoft.Extensions.Configuration": "6.0.0-preview.7.21377.19",
          "Microsoft.Extensions.Configuration.Abstractions": "6.0.0-preview.7.21377.19",
          "Microsoft.Extensions.Configuration.Binder": "6.0.0-preview.7.21377.19",
          "Microsoft.Extensions.Configuration.CommandLine": "6.0.0-preview.7.21377.19",
          "Microsoft.Extensions.Configuration.EnvironmentVariables": "6.0.0-preview.7.21377.19",
          "Microsoft.Extensions.Configuration.FileExtensions": "6.0.0-preview.7.21377.19",
          "Microsoft.Extensions.Configuration.Json": "6.0.0-preview.7.21377.19",
          "Microsoft.Extensions.Configuration.UserSecrets": "6.0.0-preview.7.21377.19",
          "Microsoft.Extensions.DependencyInjection": "6.0.0-preview.7.21377.19",
          "Microsoft.Extensions.DependencyInjection.Abstractions": "6.0.0-preview.7.21377.19",
          "Microsoft.Extensions.FileProviders.Abstractions": "6.0.0-preview.7.21377.19",
          "Microsoft.Extensions.FileProviders.Physical": "6.0.0-preview.7.21377.19",
          "Microsoft.Extensions.Hosting.Abstractions": "6.0.0-preview.7.21377.19",
          "Microsoft.Extensions.Logging": "6.0.0-preview.7.21377.19",
          "Microsoft.Extensions.Logging.Abstractions": "6.0.0-preview.7.21377.19",
          "Microsoft.Extensions.Logging.Configuration": "6.0.0-preview.7.21377.19",
          "Microsoft.Extensions.Logging.Console": "6.0.0-preview.7.21377.19",
          "Microsoft.Extensions.Logging.Debug": "6.0.0-preview.7.21377.19",
          "Microsoft.Extensions.Logging.EventLog": "6.0.0-preview.7.21377.19",
          "Microsoft.Extensions.Logging.EventSource": "6.0.0-preview.7.21377.19",
          "Microsoft.Extensions.Options": "6.0.0-preview.7.21377.19"
        }
      },
      "Microsoft.Extensions.Hosting.Abstractions": {
        "type": "Transitive",
        "resolved": "6.0.0-preview.7.21377.19",
        "contentHash": "aReTsjHs7szDe36TJw6JIvNoITlPTPVTYF2XdlSXF+yDvgyxKb/FoYpzDNv5DJgbtWf3jnQvDOpzFUIOQKn1bw==",
        "dependencies": {
          "Microsoft.Extensions.Configuration.Abstractions": "6.0.0-preview.7.21377.19",
          "Microsoft.Extensions.DependencyInjection.Abstractions": "6.0.0-preview.7.21377.19",
          "Microsoft.Extensions.FileProviders.Abstractions": "6.0.0-preview.7.21377.19"
        }
      },
      "Microsoft.Extensions.Logging": {
        "type": "Transitive",
        "resolved": "6.0.0-preview.7.21377.19",
        "contentHash": "kOrN0Tazrui2vh1tSqdI33lwZPBCPeyR7z8pWOR3i4LembIq5LBtZ6kNQMcp4vrrkMwafu6vPcbgaZy0gPKb1g==",
        "dependencies": {
          "Microsoft.Extensions.DependencyInjection": "6.0.0-preview.7.21377.19",
          "Microsoft.Extensions.DependencyInjection.Abstractions": "6.0.0-preview.7.21377.19",
          "Microsoft.Extensions.Logging.Abstractions": "6.0.0-preview.7.21377.19",
          "Microsoft.Extensions.Options": "6.0.0-preview.7.21377.19",
          "System.Diagnostics.DiagnosticSource": "6.0.0-preview.7.21377.19"
        }
      },
      "Microsoft.Extensions.Logging.Abstractions": {
        "type": "Transitive",
        "resolved": "6.0.0-preview.7.21377.19",
        "contentHash": "cZMOsb9rKHMIPs170MUOnX3vB6lJJG3N4mO+ViX9o838Qvkq2+IEJus1B7oE2u3zCCqCUB9foa/t7qgUeSaRHg==",
        "dependencies": {
          "System.Buffers": "4.5.1",
          "System.Memory": "4.5.4"
        }
      },
      "Microsoft.Extensions.Logging.Configuration": {
        "type": "Transitive",
        "resolved": "6.0.0-preview.7.21377.19",
        "contentHash": "ZGCocvORBxXC6w6WuP3tEWlT0C4NetKckvwkGKPiO8Rp5YTlp8py8CKHHW02JyEHT0Djws3b59S2QFflwEds+Q==",
        "dependencies": {
          "Microsoft.Extensions.Configuration": "6.0.0-preview.7.21377.19",
          "Microsoft.Extensions.Configuration.Abstractions": "6.0.0-preview.7.21377.19",
          "Microsoft.Extensions.Configuration.Binder": "6.0.0-preview.7.21377.19",
          "Microsoft.Extensions.DependencyInjection.Abstractions": "6.0.0-preview.7.21377.19",
          "Microsoft.Extensions.Logging": "6.0.0-preview.7.21377.19",
          "Microsoft.Extensions.Logging.Abstractions": "6.0.0-preview.7.21377.19",
          "Microsoft.Extensions.Options": "6.0.0-preview.7.21377.19",
          "Microsoft.Extensions.Options.ConfigurationExtensions": "6.0.0-preview.7.21377.19"
        }
      },
      "Microsoft.Extensions.Logging.Console": {
        "type": "Transitive",
        "resolved": "6.0.0-preview.7.21377.19",
        "contentHash": "P50tX8wGkJ46n+W20MTNMG72+2bSjRa/tLWrtC9BWU1OIUxDyzQ7qQ6nYVdwHbkfaerU20juJl0l0cZnDfSquw==",
        "dependencies": {
          "Microsoft.Extensions.DependencyInjection.Abstractions": "6.0.0-preview.7.21377.19",
          "Microsoft.Extensions.Logging": "6.0.0-preview.7.21377.19",
          "Microsoft.Extensions.Logging.Abstractions": "6.0.0-preview.7.21377.19",
          "Microsoft.Extensions.Logging.Configuration": "6.0.0-preview.7.21377.19",
          "Microsoft.Extensions.Options": "6.0.0-preview.7.21377.19",
          "System.Text.Json": "6.0.0-preview.7.21377.19"
        }
      },
      "Microsoft.Extensions.Logging.Debug": {
        "type": "Transitive",
        "resolved": "6.0.0-preview.7.21377.19",
        "contentHash": "1JC+i0MM0WOOdLIpK1gA1kN38emaWtjfFr+Wy7S3l5sCMKUxK4BeKYMR7sVfiwQz7Jc6M7WQBHDPLOkn1lLZ1w==",
        "dependencies": {
          "Microsoft.Extensions.DependencyInjection.Abstractions": "6.0.0-preview.7.21377.19",
          "Microsoft.Extensions.Logging": "6.0.0-preview.7.21377.19",
          "Microsoft.Extensions.Logging.Abstractions": "6.0.0-preview.7.21377.19"
        }
      },
      "Microsoft.Extensions.Logging.EventLog": {
        "type": "Transitive",
        "resolved": "6.0.0-preview.7.21377.19",
        "contentHash": "BST3Yomk8XJdTJDJGgRL6ntkdf641Ejq/akXaDayvF6FGVpfn49DVLV7HExCChn05CAul67CZU4lvrcPcCkGMQ==",
        "dependencies": {
          "Microsoft.Extensions.DependencyInjection.Abstractions": "6.0.0-preview.7.21377.19",
          "Microsoft.Extensions.Logging": "6.0.0-preview.7.21377.19",
          "Microsoft.Extensions.Logging.Abstractions": "6.0.0-preview.7.21377.19",
          "Microsoft.Extensions.Options": "6.0.0-preview.7.21377.19",
          "System.Diagnostics.EventLog": "6.0.0-preview.7.21377.19"
        }
      },
      "Microsoft.Extensions.Logging.EventSource": {
        "type": "Transitive",
        "resolved": "6.0.0-preview.7.21377.19",
        "contentHash": "sAsXMTH7wqikqHV2BqkjPvT/6rTo1d1nDXJYiLtm3YAACm6flPwNmBbDOLVqZl/yEV09TrxOuU1Sr1DQuiflZQ==",
        "dependencies": {
          "Microsoft.Extensions.DependencyInjection.Abstractions": "6.0.0-preview.7.21377.19",
          "Microsoft.Extensions.Logging": "6.0.0-preview.7.21377.19",
          "Microsoft.Extensions.Logging.Abstractions": "6.0.0-preview.7.21377.19",
          "Microsoft.Extensions.Options": "6.0.0-preview.7.21377.19",
          "Microsoft.Extensions.Primitives": "6.0.0-preview.7.21377.19",
          "System.Runtime.CompilerServices.Unsafe": "6.0.0-preview.7.21377.19",
          "System.Text.Json": "6.0.0-preview.7.21377.19"
        }
      },
      "Microsoft.Extensions.Options": {
        "type": "Transitive",
        "resolved": "6.0.0-preview.7.21377.19",
        "contentHash": "OiAS21Wg1X1qm4yE54PPJahF+nogKn5A+1UYcewvsASDcUudjllpCGMrqh5cI27pIst5VbFhq1KGTwzhU/GywA==",
        "dependencies": {
          "Microsoft.Extensions.DependencyInjection.Abstractions": "6.0.0-preview.7.21377.19",
          "Microsoft.Extensions.Primitives": "6.0.0-preview.7.21377.19"
        }
      },
      "Microsoft.Extensions.Options.ConfigurationExtensions": {
        "type": "Transitive",
        "resolved": "6.0.0-preview.7.21377.19",
        "contentHash": "+J1e2J79KF8sYe+NYKW2w4z1Nuw0YnIJlHcFOo6C8JD0QtAUEvUWK7BU+/3/P6ynWInu/OSw0ZGRCFOLuK2Zug==",
        "dependencies": {
          "Microsoft.Extensions.Configuration.Abstractions": "6.0.0-preview.7.21377.19",
          "Microsoft.Extensions.Configuration.Binder": "6.0.0-preview.7.21377.19",
          "Microsoft.Extensions.DependencyInjection.Abstractions": "6.0.0-preview.7.21377.19",
          "Microsoft.Extensions.Options": "6.0.0-preview.7.21377.19",
          "Microsoft.Extensions.Primitives": "6.0.0-preview.7.21377.19"
        }
      },
      "Microsoft.Extensions.Primitives": {
        "type": "Transitive",
        "resolved": "6.0.0-preview.7.21377.19",
        "contentHash": "dbYTaKld3fbZETLzYknl5np8/rnas3isR3RQi0xvZNrz4S1bhn7lsEbu8ACwMAQxPxiKBgl59RKUNVmqjJ4Aww==",
        "dependencies": {
          "System.Runtime.CompilerServices.Unsafe": "6.0.0-preview.7.21377.19"
        }
      },
      "System.Buffers": {
        "type": "Transitive",
        "resolved": "4.5.1",
        "contentHash": "Rw7ijyl1qqRS0YQD/WycNst8hUUMgrMH4FCn1nNm27M4VxchZ1js3fVjQaANHO5f3sN4isvP4a+Met9Y4YomAg=="
      },
      "System.Diagnostics.DiagnosticSource": {
        "type": "Transitive",
        "resolved": "6.0.0-preview.7.21377.19",
        "contentHash": "bnq8waIAuRZSU63bQQYzCTyfhqCSKTKWfy2oxBcVWh79d8WaiC4vtvyR0kAcF4YMrhK4YwjlXLblgfifXImPGw=="
      },
      "System.Diagnostics.EventLog": {
        "type": "Transitive",
        "resolved": "6.0.0-preview.7.21377.19",
        "contentHash": "gmgfGuTsE06TGKzlx6G5e+I2+uTV0nXe6XYKHROCKsxgQULSU31ja0BQgyuDCc8nmK86n2xhfNaXw9tE4Z99TA=="
      },
      "System.Memory": {
        "type": "Transitive",
        "resolved": "4.5.4",
        "contentHash": "1MbJTHS1lZ4bS4FmsJjnuGJOu88ZzTT2rLvrhW7Ygic+pC0NWA+3hgAen0HRdsocuQXCkUTdFn9yHJJhsijDXw=="
      },
      "System.Runtime.CompilerServices.Unsafe": {
        "type": "Transitive",
        "resolved": "6.0.0-preview.7.21377.19",
        "contentHash": "G9eKxgKE5UoyJdB4tpBFCWlgky34N11QDIjn92g6BwqII03yra4raegNNt3y3lmN6k+VDLIzgVMuddZ7LT6TEw=="
      },
      "System.Text.Json": {
        "type": "Transitive",
        "resolved": "6.0.0-preview.7.21377.19",
        "contentHash": "i5btOh4ocAylrLIFr2roGnbJW2GYDH1uCzMASg62UWVjGPnWZuVBjZ6Ttw9Cpu/hJ12Toe/hAQhiv1NUN9TigQ=="
      },
      "System.Threading.Tasks.Extensions": {
        "type": "Transitive",
        "resolved": "4.5.4",
        "contentHash": "zteT+G8xuGu6mS+mzDzYXbzS7rd3K6Fjb9RiZlYlJPam2/hU7JCBZBVEcywNuR+oZ1ncTvc/cq0faRr3P01OVg=="
      },
      "nogic.writableoptions": {
        "type": "Project",
        "dependencies": {
          "Microsoft.Extensions.Configuration.Abstractions": "6.0.0-preview.7.21377.19",
          "Microsoft.Extensions.Hosting": "6.0.0-preview.7.21377.19",
          "Microsoft.Extensions.Options": "6.0.0-preview.7.21377.19"
        }
      }
    }
  }
}
