{
  "version": 1,
  "dependencies": {
    ".NETCoreApp,Version=v3.1": {
      "ConsoleAppFramework": {
        "type": "Direct",
        "requested": "[3.2.0, )",
        "resolved": "3.2.0",
        "contentHash": "aiEHo/H+x3u99xNGH8mufE4tKSKOIdxZEZnjG4O3migKhF0seboMEcz9F+QkxSn3/CValFX2tvyr7b1GB6RnqA==",
        "dependencies": {
          "Microsoft.Extensions.Hosting": "3.1.5",
          "System.Text.Json": "4.7.2",
          "System.Threading.Tasks.Extensions": "4.5.4"
        }
      },
      "Microsoft.Extensions.Configuration": {
        "type": "Transitive",
        "resolved": "3.1.5",
        "contentHash": "LZfdAP8flK4hkaniUv6TlstDX9FXLmJMX1A4mpLghAsZxTaJIgf+nzBNiPRdy/B5Vrs74gRONX3JrIUJQrebmA==",
        "dependencies": {
          "Microsoft.Extensions.Configuration.Abstractions": "3.1.5"
        }
      },
      "Microsoft.Extensions.Configuration.Abstractions": {
        "type": "Transitive",
        "resolved": "3.1.5",
        "contentHash": "VBcAk6s9izZr04WCzNqOh1Sxz2RbVSh0G79MfpHSDv16cUJtSEYEHody9ZnF71LBEktzdu6cvDFBOFMh43q0iA==",
        "dependencies": {
          "Microsoft.Extensions.Primitives": "3.1.5"
        }
      },
      "Microsoft.Extensions.Configuration.Binder": {
        "type": "Transitive",
        "resolved": "3.1.5",
        "contentHash": "ZR/zjBxkvdnnWhRoBHDT95uz1ZgJFhv1QazmKCIcDqy/RXqi+6dJ/PfxDhEnzPvk9HbkcGfFsPEu1vSIyxDqBQ==",
        "dependencies": {
          "Microsoft.Extensions.Configuration": "3.1.5"
        }
      },
      "Microsoft.Extensions.Configuration.CommandLine": {
        "type": "Transitive",
        "resolved": "3.1.5",
        "contentHash": "b/fT3Ed4wE4O3MltjLbbTiDrkzZEzxX0+DF6A0Ena0edoy+PJxD7Hia963p+lVFOt10XUIzuQghlyC/7aRA0cQ==",
        "dependencies": {
          "Microsoft.Extensions.Configuration": "3.1.5"
        }
      },
      "Microsoft.Extensions.Configuration.EnvironmentVariables": {
        "type": "Transitive",
        "resolved": "3.1.5",
        "contentHash": "oIbBf9zATSJaZvrmsbrMkeenJc4+aQ0wnvTcOi/E9rDhw3LsjuT33+qiqchpeji7S7r4dfv2yFa29ZFdMJgEAQ==",
        "dependencies": {
          "Microsoft.Extensions.Configuration": "3.1.5"
        }
      },
      "Microsoft.Extensions.Configuration.FileExtensions": {
        "type": "Transitive",
        "resolved": "3.1.5",
        "contentHash": "zDXWDDaHMKX2ArwhrPprKgZfpCDuaqrcaGX5IG9EybQ6IGYZ7aMJftLan/bfxteI5bnga912y5nIYrTuXaxpug==",
        "dependencies": {
          "Microsoft.Extensions.Configuration": "3.1.5",
          "Microsoft.Extensions.FileProviders.Physical": "3.1.5"
        }
      },
      "Microsoft.Extensions.Configuration.Json": {
        "type": "Transitive",
        "resolved": "3.1.5",
        "contentHash": "Yk7+e+13JKN9rvoUrWCil3Jdbrbx5owGhl5z2u5kgpEIuAn+eqWq624/wvou0/zzPxC8QyID/cSi1oLf9ngNhQ==",
        "dependencies": {
          "Microsoft.Extensions.Configuration": "3.1.5",
          "Microsoft.Extensions.Configuration.FileExtensions": "3.1.5"
        }
      },
      "Microsoft.Extensions.Configuration.UserSecrets": {
        "type": "Transitive",
        "resolved": "3.1.5",
        "contentHash": "y4jLBVPzQP5dOTuqA/wFnZDGi7s5NAbe5jvYe1V3DS6O7pt/jFwj4X8jbQXY3GNg/52TmUx/X6k3pDjoV5TLQg==",
        "dependencies": {
          "Microsoft.Extensions.Configuration.Json": "3.1.5"
        }
      },
      "Microsoft.Extensions.DependencyInjection": {
        "type": "Transitive",
        "resolved": "3.1.5",
        "contentHash": "I+RTJQi7TtenIHZqL2zr6523PYXfL88Ruu4UIVmspIxdw14GHd8zZ+2dGLSdwX7fn41Hth4d42S1e1iHWVOJyQ==",
        "dependencies": {
          "Microsoft.Extensions.DependencyInjection.Abstractions": "3.1.5"
        }
      },
      "Microsoft.Extensions.DependencyInjection.Abstractions": {
        "type": "Transitive",
        "resolved": "3.1.5",
        "contentHash": "2VSCj2TZPMdeEi279Lawi6qJQu4+sEWizSOYrhY6hapyS1jxn1jVUZT1Ugv68bya+x8+3lD4+RqhUZql9PhISQ=="
      },
      "Microsoft.Extensions.FileProviders.Abstractions": {
        "type": "Transitive",
        "resolved": "3.1.5",
        "contentHash": "LrEQ97jhSWw84Y1m+CJfvh9qTUUswt27au54QYn2x5PCMPPgR+yAv/4VTJKMGSSI9T4scSLBXZ/fVhT4fPTCtA==",
        "dependencies": {
          "Microsoft.Extensions.Primitives": "3.1.5"
        }
      },
      "Microsoft.Extensions.FileProviders.Physical": {
        "type": "Transitive",
        "resolved": "3.1.5",
        "contentHash": "JemaaSSQosZ59flEfNzqvQRHDt1u4aEwV/pR4eFQEXpaX7lHI13gSbQbQ7TMGDdmY9F2t2+6RPp44Mmf9O1DsQ==",
        "dependencies": {
          "Microsoft.Extensions.FileProviders.Abstractions": "3.1.5",
          "Microsoft.Extensions.FileSystemGlobbing": "3.1.5"
        }
      },
      "Microsoft.Extensions.FileSystemGlobbing": {
        "type": "Transitive",
        "resolved": "3.1.5",
        "contentHash": "ObdbZ/L3X89KOHI0K/zlwufnlHESYSp2L/Z1XgYp3Odekmzevl06iffrtIBP9Qgw2RxBVAyTEVNrIouCuik6yg=="
      },
      "Microsoft.Extensions.Hosting": {
        "type": "Transitive",
        "resolved": "3.1.5",
        "contentHash": "PRp2lU0hKHIih67CIOlx21imEKfB5ICcSyB8vGtLtCmrSBNeAOsObdqxaAosdodCqo2n8gNZD8wVf/DLOWRfug==",
        "dependencies": {
          "Microsoft.Extensions.Configuration": "3.1.5",
          "Microsoft.Extensions.Configuration.CommandLine": "3.1.5",
          "Microsoft.Extensions.Configuration.EnvironmentVariables": "3.1.5",
          "Microsoft.Extensions.Configuration.UserSecrets": "3.1.5",
          "Microsoft.Extensions.DependencyInjection": "3.1.5",
          "Microsoft.Extensions.FileProviders.Physical": "3.1.5",
          "Microsoft.Extensions.Hosting.Abstractions": "3.1.5",
          "Microsoft.Extensions.Logging": "3.1.5",
          "Microsoft.Extensions.Logging.Console": "3.1.5",
          "Microsoft.Extensions.Logging.Debug": "3.1.5",
          "Microsoft.Extensions.Logging.EventLog": "3.1.5",
          "Microsoft.Extensions.Logging.EventSource": "3.1.5"
        }
      },
      "Microsoft.Extensions.Hosting.Abstractions": {
        "type": "Transitive",
        "resolved": "3.1.5",
        "contentHash": "e57iK9spITqHE7qNgC3IowzK+PK5NC2rmVY4Sz+ZoDNO24nIsgllIRbanSbt2wQz7Iy/N8Jm3C1sXqKc8zEOMQ==",
        "dependencies": {
          "Microsoft.Extensions.Configuration.Abstractions": "3.1.5",
          "Microsoft.Extensions.DependencyInjection.Abstractions": "3.1.5",
          "Microsoft.Extensions.FileProviders.Abstractions": "3.1.5",
          "Microsoft.Extensions.Logging.Abstractions": "3.1.5"
        }
      },
      "Microsoft.Extensions.Logging": {
        "type": "Transitive",
        "resolved": "3.1.5",
        "contentHash": "C85NYDym6xy03o70vxX+VQ4ZEjj5Eg5t5QoGW0t100vG5MmPL6+G3XXcQjIIn1WRQrjzGWzQwuKf38fxXEWIWA==",
        "dependencies": {
          "Microsoft.Extensions.Configuration.Binder": "3.1.5",
          "Microsoft.Extensions.DependencyInjection": "3.1.5",
          "Microsoft.Extensions.Logging.Abstractions": "3.1.5",
          "Microsoft.Extensions.Options": "3.1.5"
        }
      },
      "Microsoft.Extensions.Logging.Abstractions": {
        "type": "Transitive",
        "resolved": "3.1.5",
        "contentHash": "ZvwowjRSWXewdPI+whPFXgwF4Qme6Q9KV9SCPEITSGiqHLArct7q5hTBtTzj3GPsVLjTqehvTg6Bd/EQk9JS0A=="
      },
      "Microsoft.Extensions.Logging.Configuration": {
        "type": "Transitive",
        "resolved": "3.1.5",
        "contentHash": "I+9jx/A9cLdkTmynKMa2oR4rYAfe3n2F/wNVvKxwIk2J33paEU13Se08Q5xvQisqfbumaRUNF7BWHr63JzuuRw==",
        "dependencies": {
          "Microsoft.Extensions.Logging": "3.1.5",
          "Microsoft.Extensions.Options.ConfigurationExtensions": "3.1.5"
        }
      },
      "Microsoft.Extensions.Logging.Console": {
        "type": "Transitive",
        "resolved": "3.1.5",
        "contentHash": "c/W7d9sjgyU0/3txj/i6pC+8f25Jbua7zKhHVHidC5hHL4OX8fAxSGPBWYOsRN4tXqpd5VphNmIFUWyT12fMoA==",
        "dependencies": {
          "Microsoft.Extensions.Configuration.Abstractions": "3.1.5",
          "Microsoft.Extensions.Logging": "3.1.5",
          "Microsoft.Extensions.Logging.Configuration": "3.1.5"
        }
      },
      "Microsoft.Extensions.Logging.Debug": {
        "type": "Transitive",
        "resolved": "3.1.5",
        "contentHash": "oDs0vlr6tNm0Z4U81eiCvnX+9zSP1CBAIGNAnpKidLb1KzbX26UGI627TfuIEtvW9wYiQWqZtmwMMK9WHE8Dqg==",
        "dependencies": {
          "Microsoft.Extensions.Logging": "3.1.5"
        }
      },
      "Microsoft.Extensions.Logging.EventLog": {
        "type": "Transitive",
        "resolved": "3.1.5",
        "contentHash": "x+EA/oW3rLjYHO06ymgUI6SkmvcSF0auUztlsoy/JgJwjvKKRyEt4GeQ1lSOy8FRiNKSF+cjnYUjZa49NvQlSw==",
        "dependencies": {
          "Microsoft.Extensions.Logging": "3.1.5",
          "System.Diagnostics.EventLog": "4.7.0"
        }
      },
      "Microsoft.Extensions.Logging.EventSource": {
        "type": "Transitive",
        "resolved": "3.1.5",
        "contentHash": "zi3v9m9Vf6g82hQUl/p5tvIp4iBU5IdjwIR9WNPOM+K2rMUYraWRYfzWh4fSQZYAMfUItyZaivdlaHXJYOYcfw==",
        "dependencies": {
          "Microsoft.Extensions.Logging": "3.1.5"
        }
      },
      "Microsoft.Extensions.Options": {
        "type": "Transitive",
        "resolved": "3.1.5",
        "contentHash": "f+JT/7lkKBMp/Ak2tVjO+TD7o+UoCfjnExkZNn0PZIso8kIXrqNy6x42Lrxf4Q0pW3JMf9ExmL2EQlvk2XnFAg==",
        "dependencies": {
          "Microsoft.Extensions.DependencyInjection.Abstractions": "3.1.5",
          "Microsoft.Extensions.Primitives": "3.1.5"
        }
      },
      "Microsoft.Extensions.Options.ConfigurationExtensions": {
        "type": "Transitive",
        "resolved": "3.1.5",
        "contentHash": "mgM+JHFeRg3zSRjScVADU/mohY8s0czKRTNT9oszWgX1mlw419yqP6ITCXovPopMXiqzRdkZ7AEuErX9K+ROww==",
        "dependencies": {
          "Microsoft.Extensions.Configuration.Abstractions": "3.1.5",
          "Microsoft.Extensions.Configuration.Binder": "3.1.5",
          "Microsoft.Extensions.DependencyInjection.Abstractions": "3.1.5",
          "Microsoft.Extensions.Options": "3.1.5"
        }
      },
      "Microsoft.Extensions.Primitives": {
        "type": "Transitive",
        "resolved": "3.1.5",
        "contentHash": "6bLdjSAQix82oP2tsuX9MM2yjgUFFOkSZYyRSKoUULilw2cg0Y0H+dnugwYlfj8Jd7yjd/+QSdNBqEyYhTYv0w=="
      },
      "Microsoft.NETCore.Platforms": {
        "type": "Transitive",
        "resolved": "3.1.0",
        "contentHash": "z7aeg8oHln2CuNulfhiLYxCVMPEwBl3rzicjvIX+4sUuCwvXw5oXQEtbiU2c0z4qYL5L3Kmx0mMA/+t/SbY67w=="
      },
      "Microsoft.Win32.Registry": {
        "type": "Transitive",
        "resolved": "4.7.0",
        "contentHash": "KSrRMb5vNi0CWSGG1++id2ZOs/1QhRqROt+qgbEAdQuGjGrFcl4AOl4/exGPUYz2wUnU42nvJqon1T3U0kPXLA==",
        "dependencies": {
          "System.Security.AccessControl": "4.7.0",
          "System.Security.Principal.Windows": "4.7.0"
        }
      },
      "System.Diagnostics.EventLog": {
        "type": "Transitive",
        "resolved": "4.7.0",
        "contentHash": "iDoKGQcRwX0qwY+eAEkaJGae0d/lHlxtslO+t8pJWAUxlvY3tqLtVOPnW2UU4cFjP0Y/L1QBqhkZfSyGqVMR2w==",
        "dependencies": {
          "Microsoft.NETCore.Platforms": "3.1.0",
          "Microsoft.Win32.Registry": "4.7.0",
          "System.Security.Principal.Windows": "4.7.0"
        }
      },
      "System.Security.AccessControl": {
        "type": "Transitive",
        "resolved": "4.7.0",
        "contentHash": "JECvTt5aFF3WT3gHpfofL2MNNP6v84sxtXxpqhLBCcDRzqsPBmHhQ6shv4DwwN2tRlzsUxtb3G9M3763rbXKDg==",
        "dependencies": {
          "Microsoft.NETCore.Platforms": "3.1.0",
          "System.Security.Principal.Windows": "4.7.0"
        }
      },
      "System.Security.Principal.Windows": {
        "type": "Transitive",
        "resolved": "4.7.0",
        "contentHash": "ojD0PX0XhneCsUbAZVKdb7h/70vyYMDYs85lwEI+LngEONe/17A0cFaRFqZU+sOEidcVswYWikYOQ9PPfjlbtQ=="
      },
      "System.Text.Json": {
        "type": "Transitive",
        "resolved": "4.7.2",
        "contentHash": "TcMd95wcrubm9nHvJEQs70rC0H/8omiSGGpU4FQ/ZA1URIqD4pjmFJh2Mfv1yH1eHgJDWTi2hMDXwTET+zOOyg=="
      },
      "System.Threading.Tasks.Extensions": {
        "type": "Transitive",
        "resolved": "4.5.4",
        "contentHash": "zteT+G8xuGu6mS+mzDzYXbzS7rd3K6Fjb9RiZlYlJPam2/hU7JCBZBVEcywNuR+oZ1ncTvc/cq0faRr3P01OVg=="
      },
      "nogic.writableoptions": {
        "type": "Project",
        "dependencies": {
          "Microsoft.Extensions.Hosting": "[3.1.0, 6.0.0)",
          "Microsoft.Extensions.Options": "[3.1.0, 6.0.0)",
          "System.Text.Json": "[4.7.0, 6.0.0)"
        }
      }
    }
  }
}
